{
  "nodes": {
    "crane": {
      "locked": {
        "lastModified": 1787275140,
        "narHash": "sha256-PqFGJPOBHd+Nbz008oDcEiCB+kEkb+JSuG097qLvP2Q=",
        "owner": "ipetkov",
        "repo": "crane",
        "rev": "a1a1116e8ec16f03bcc23e5c77db557a5fc9b4d6",
        "type": "github"
      },
      "original": {
        "owner": "ipetkov",
        "repo": "crane",
        "type": "github"
      }
    },
    "nixpkgs": {
      "locked": {
        "lastModified": 1787101114,
        "narHash": "sha256-gwrPcFf/rDjHPaVflbDZ040ZDmBTRj/7+s8ZmE2SaIM=",
        "owner": "NixOS",
        "repo": "nixpkgs",
        "rev": "b18a4b905f8d028dc4476412e6d6891728695379",
        "type": "github"
      },
      "original": {
        "owner": "NixOS",
        "ref": "nixos-26.05",
        "repo": "nixpkgs",
        "type": "github"
      }
    },
    "root": {
      "inputs": {
        "crane": "crane",
        "nixpkgs": "nixpkgs"
      }
    }
  },
  "root": "root",
  "version": 7
}
